# This file is autogenerated, do not edit; changes may be undone by the next 'dep ensure'.


[[projects]]
  branch = "master"
  digest = "1:b560068fe1b2907513665705d2a000cdd014f90b43a48356698ff17f9b57f702"
  name = "github.com/kelseyhightower/envconfig"
  packages = ["."]
  pruneopts = ""
  revision = "b6fde1625d631a48340817849a547164f395d9eb"

[[projects]]
  branch = "master"
  digest = "1:cdc8e576b84437ea8965a526f6c654d001304d80e07d9a4819705e07eec3bbd8"
  name = "github.com/nlopes/slack"
  packages = ["."]
  pruneopts = ""
  revision = "72d15a0fc0b773a59c00f78b9e7d97eeb8c4281f"

[[projects]]
  branch = "master"
  digest = "1:c8fbd9133380cfc35c5a0f33063d498bf504eb2395367ec1c15a677abaeab5e2"
  name = "golang.org/x/net"
  packages = ["websocket"]
  pruneopts = ""
  revision = "84f0e6f92b10139f986b1756e149a7d9de270cdc"

[solve-meta]
  analyzer-name = "dep"
  analyzer-version = 1
  input-imports = [
    "github.com/kelseyhightower/envconfig",
    "github.com/nlopes/slack",
  ]
  solver-name = "gps-cdcl"
  solver-version = 1
